<?xml version="1.0" encoding="utf-8"?>
<Project ToolsVersion="4.0" xmlns="http://schemas.microsoft.com/developer/msbuild/2003">
  <ItemGroup>
    <ClCompile Include="main.cpp" />
    <ClCompile Include="animalsFinder.cpp" />
    <ClCompile Include="..\iniReader\ConvertUTF.c">
      <Filter>include\iniReader</Filter>
    </ClCompile>
    <ClCompile Include="IniOptions.cpp" />
    <ClCompile Include="keyboard.cpp" />
    <ClCompile Include="scriptmenu.cpp" />
  </ItemGroup>
  <ItemGroup>
    <ClInclude Include="animalsFinder.h" />
    <ClInclude Include="..\inc\enums.h">
      <Filter>include</Filter>
    </ClInclude>
    <ClInclude Include="..\inc\main.h">
      <Filter>include</Filter>
    </ClInclude>
    <ClInclude Include="..\inc\nativeCaller.h">
      <Filter>include</Filter>
    </ClInclude>
    <ClInclude Include="..\inc\natives.h">
      <Filter>include</Filter>
    </ClInclude>
    <ClInclude Include="..\inc\types.h">
      <Filter>include</Filter>
    </ClInclude>
    <ClInclude Include="..\iniReader\ConvertUTF.h">
      <Filter>include\iniReader</Filter>
    </ClInclude>
    <ClInclude Include="..\iniReader\SimpleIni.h">
      <Filter>include\iniReader</Filter>
    </ClInclude>
    <ClInclude Include="namesInfo.h" />
    <ClInclude Include="IniOptions.h" />
    <ClInclude Include="keyboard.h" />
    <ClInclude Include="scriptmenu.h" />
  </ItemGroup>
  <ItemGroup>
    <Filter Include="include">
      <UniqueIdentifier>{5d58942b-ebbf-4d0a-9526-359e3a556796}</UniqueIdentifier>
    </Filter>
    <Filter Include="include\iniReader">
      <UniqueIdentifier>{25c92258-56b0-401e-8379-d96a819aafd0}</UniqueIdentifier>
    </Filter>
  </ItemGroup>
</Project>